// !$*UTF8*$!
{
	archiveVersion = 1;
	classes = {
	};
	objectVersion = 56;
	objects = {

/* Begin PBXBuildFile section */
		1323DC8829BDC02700FF9674 /* AppDelegate.swift in Sources */ = {isa = PBXBuildFile; fileRef = 1323DC8729BDC02700FF9674 /* AppDelegate.swift */; };
		1323DC8A29BDC02700FF9674 /* SceneDelegate.swift in Sources */ = {isa = PBXBuildFile; fileRef = 1323DC8929BDC02700FF9674 /* SceneDelegate.swift */; };
		1323DC8C29BDC02700FF9674 /* RMTabViewController.swift in Sources */ = {isa = PBXBuildFile; fileRef = 1323DC8B29BDC02700FF9674 /* RMTabViewController.swift */; };
		1323DC9129BDC02900FF9674 /* Assets.xcassets in Resources */ = {isa = PBXBuildFile; fileRef = 1323DC9029BDC02900FF9674 /* Assets.xcassets */; };
		1323DC9429BDC02900FF9674 /* LaunchScreen.storyboard in Resources */ = {isa = PBXBuildFile; fileRef = 1323DC9229BDC02900FF9674 /* LaunchScreen.storyboard */; };
		1323DCA429BDCB9F00FF9674 /* RMLocation.swift in Sources */ = {isa = PBXBuildFile; fileRef = 1323DCA329BDCB9F00FF9674 /* RMLocation.swift */; };
		1323DCA729BDCBB100FF9674 /* RMCharacter.swift in Sources */ = {isa = PBXBuildFile; fileRef = 1323DCA629BDCBB100FF9674 /* RMCharacter.swift */; };
		1323DCA929BDCBC000FF9674 /* RMEpisode.swift in Sources */ = {isa = PBXBuildFile; fileRef = 1323DCA829BDCBC000FF9674 /* RMEpisode.swift */; };
		1323DCAB29BDCBEC00FF9674 /* RMCharacterViewController.swift in Sources */ = {isa = PBXBuildFile; fileRef = 1323DCAA29BDCBEC00FF9674 /* RMCharacterViewController.swift */; };
		1323DCAD29BDCBFD00FF9674 /* RMLocationViewController.swift in Sources */ = {isa = PBXBuildFile; fileRef = 1323DCAC29BDCBFD00FF9674 /* RMLocationViewController.swift */; };
		1323DCAF29BDCC0E00FF9674 /* RMEpisodeViewController.swift in Sources */ = {isa = PBXBuildFile; fileRef = 1323DCAE29BDCC0E00FF9674 /* RMEpisodeViewController.swift */; };
		1323DCB129BDCC1F00FF9674 /* RMSettingsViewController.swift in Sources */ = {isa = PBXBuildFile; fileRef = 1323DCB029BDCC1F00FF9674 /* RMSettingsViewController.swift */; };
		1323DCB329BDDB8500FF9674 /* RMService.swift in Sources */ = {isa = PBXBuildFile; fileRef = 1323DCB229BDDB8500FF9674 /* RMService.swift */; };
		1323DCB529BDDBA500FF9674 /* RMRequest.swift in Sources */ = {isa = PBXBuildFile; fileRef = 1323DCB429BDDBA500FF9674 /* RMRequest.swift */; };
		1323DCB729BDDCC300FF9674 /* RMEndpoint.swift in Sources */ = {isa = PBXBuildFile; fileRef = 1323DCB629BDDCC300FF9674 /* RMEndpoint.swift */; };
/* End PBXBuildFile section */

/* Begin PBXFileReference section */
		1323DC8429BDC02700FF9674 /* swift_RiskAndMorty.app */ = {isa = PBXFileReference; explicitFileType = wrapper.application; includeInIndex = 0; path = swift_RiskAndMorty.app; sourceTree = BUILT_PRODUCTS_DIR; };
		1323DC8729BDC02700FF9674 /* AppDelegate.swift */ = {isa = PBXFileReference; lastKnownFileType = sourcecode.swift; path = AppDelegate.swift; sourceTree = "<group>"; };
		1323DC8929BDC02700FF9674 /* SceneDelegate.swift */ = {isa = PBXFileReference; lastKnownFileType = sourcecode.swift; path = SceneDelegate.swift; sourceTree = "<group>"; };
		1323DC8B29BDC02700FF9674 /* RMTabViewController.swift */ = {isa = PBXFileReference; lastKnownFileType = sourcecode.swift; path = RMTabViewController.swift; sourceTree = "<group>"; };
		1323DC9029BDC02900FF9674 /* Assets.xcassets */ = {isa = PBXFileReference; lastKnownFileType = folder.assetcatalog; path = Assets.xcassets; sourceTree = "<group>"; };
		1323DC9329BDC02900FF9674 /* Base */ = {isa = PBXFileReference; lastKnownFileType = file.storyboard; name = Base; path = Base.lproj/LaunchScreen.storyboard; sourceTree = "<group>"; };
		1323DC9529BDC02900FF9674 /* Info.plist */ = {isa = PBXFileReference; lastKnownFileType = text.plist.xml; path = Info.plist; sourceTree = "<group>"; };
		1323DCA329BDCB9F00FF9674 /* RMLocation.swift */ = {isa = PBXFileReference; lastKnownFileType = sourcecode.swift; path = RMLocation.swift; sourceTree = "<group>"; };
		1323DCA629BDCBB100FF9674 /* RMCharacter.swift */ = {isa = PBXFileReference; lastKnownFileType = sourcecode.swift; path = RMCharacter.swift; sourceTree = "<group>"; };
		1323DCA829BDCBC000FF9674 /* RMEpisode.swift */ = {isa = PBXFileReference; lastKnownFileType = sourcecode.swift; path = RMEpisode.swift; sourceTree = "<group>"; };
		1323DCAA29BDCBEC00FF9674 /* RMCharacterViewController.swift */ = {isa = PBXFileReference; lastKnownFileType = sourcecode.swift; path = RMCharacterViewController.swift; sourceTree = "<group>"; };
		1323DCAC29BDCBFD00FF9674 /* RMLocationViewController.swift */ = {isa = PBXFileReference; lastKnownFileType = sourcecode.swift; path = RMLocationViewController.swift; sourceTree = "<group>"; };
		1323DCAE29BDCC0E00FF9674 /* RMEpisodeViewController.swift */ = {isa = PBXFileReference; lastKnownFileType = sourcecode.swift; path = RMEpisodeViewController.swift; sourceTree = "<group>"; };
		1323DCB029BDCC1F00FF9674 /* RMSettingsViewController.swift */ = {isa = PBXFileReference; lastKnownFileType = sourcecode.swift; path = RMSettingsViewController.swift; sourceTree = "<group>"; };
		1323DCB229BDDB8500FF9674 /* RMService.swift */ = {isa = PBXFileReference; lastKnownFileType = sourcecode.swift; path = RMService.swift; sourceTree = "<group>"; };
		1323DCB429BDDBA500FF9674 /* RMRequest.swift */ = {isa = PBXFileReference; lastKnownFileType = sourcecode.swift; path = RMRequest.swift; sourceTree = "<group>"; };
		1323DCB629BDDCC300FF9674 /* RMEndpoint.swift */ = {isa = PBXFileReference; lastKnownFileType = sourcecode.swift; path = RMEndpoint.swift; sourceTree = "<group>"; };
/* End PBXFileReference section */

/* Begin PBXFrameworksBuildPhase section */
		1323DC8129BDC02700FF9674 /* Frameworks */ = {
			isa = PBXFrameworksBuildPhase;
			buildActionMask = 2147483647;
			files = (
			);
			runOnlyForDeploymentPostprocessing = 0;
		};
/* End PBXFrameworksBuildPhase section */

/* Begin PBXGroup section */
		1323DC7B29BDC02700FF9674 = {
			isa = PBXGroup;
			children = (
				1323DC8629BDC02700FF9674 /* swift_RiskAndMorty */,
				1323DC8529BDC02700FF9674 /* Products */,
			);
			sourceTree = "<group>";
		};
		1323DC8529BDC02700FF9674 /* Products */ = {
			isa = PBXGroup;
			children = (
				1323DC8429BDC02700FF9674 /* swift_RiskAndMorty.app */,
			);
			name = Products;
			sourceTree = "<group>";
		};
		1323DC8629BDC02700FF9674 /* swift_RiskAndMorty */ = {
			isa = PBXGroup;
			children = (
				1323DC9E29BDCB4700FF9674 /* Resources */,
				1323DCA029BDCB5600FF9674 /* APIClient */,
				1323DC9F29BDCB5000FF9674 /* Managers */,
				1323DC9B29BDCB1C00FF9674 /* Models */,
				1323DC9C29BDCB2900FF9674 /* Views */,
				1323DC9D29BDCB3A00FF9674 /* ViewModels */,
				1323DCA129BDCB5E00FF9674 /* Controllers */,
				1323DC9529BDC02900FF9674 /* Info.plist */,
			);
			path = swift_RiskAndMorty;
			sourceTree = "<group>";
		};
		1323DC9B29BDCB1C00FF9674 /* Models */ = {
			isa = PBXGroup;
			children = (
				1323DCA329BDCB9F00FF9674 /* RMLocation.swift */,
				1323DCA629BDCBB100FF9674 /* RMCharacter.swift */,
				1323DCA829BDCBC000FF9674 /* RMEpisode.swift */,
			);
			path = Models;
			sourceTree = "<group>";
		};
		1323DC9C29BDCB2900FF9674 /* Views */ = {
			isa = PBXGroup;
			children = (
			);
			path = Views;
			sourceTree = "<group>";
		};
		1323DC9D29BDCB3A00FF9674 /* ViewModels */ = {
			isa = PBXGroup;
			children = (
			);
			path = ViewModels;
			sourceTree = "<group>";
		};
		1323DC9E29BDCB4700FF9674 /* Resources */ = {
			isa = PBXGroup;
			children = (
				1323DC8729BDC02700FF9674 /* AppDelegate.swift */,
				1323DC8929BDC02700FF9674 /* SceneDelegate.swift */,
				1323DC9029BDC02900FF9674 /* Assets.xcassets */,
				1323DC9229BDC02900FF9674 /* LaunchScreen.storyboard */,
			);
			path = Resources;
			sourceTree = "<group>";
		};
		1323DC9F29BDCB5000FF9674 /* Managers */ = {
			isa = PBXGroup;
			children = (
			);
			path = Managers;
			sourceTree = "<group>";
		};
		1323DCA029BDCB5600FF9674 /* APIClient */ = {
			isa = PBXGroup;
			children = (
				1323DCB229BDDB8500FF9674 /* RMService.swift */,
				1323DCB429BDDBA500FF9674 /* RMRequest.swift */,
				1323DCB629BDDCC300FF9674 /* RMEndpoint.swift */,
			);
			path = APIClient;
			sourceTree = "<group>";
		};
		1323DCA129BDCB5E00FF9674 /* Controllers */ = {
			isa = PBXGroup;
			children = (
				1323DCA229BDCB6800FF9674 /* Core */,
			);
			path = Controllers;
			sourceTree = "<group>";
		};
		1323DCA229BDCB6800FF9674 /* Core */ = {
			isa = PBXGroup;
			children = (
				1323DC8B29BDC02700FF9674 /* RMTabViewController.swift */,
				1323DCAA29BDCBEC00FF9674 /* RMCharacterViewController.swift */,
				1323DCAC29BDCBFD00FF9674 /* RMLocationViewController.swift */,
				1323DCAE29BDCC0E00FF9674 /* RMEpisodeViewController.swift */,
				1323DCB029BDCC1F00FF9674 /* RMSettingsViewController.swift */,
			);
			path = Core;
			sourceTree = "<group>";
		};
/* End PBXGroup section */

/* Begin PBXNativeTarget section */
		1323DC8329BDC02700FF9674 /* swift_RiskAndMorty */ = {
			isa = PBXNativeTarget;
			buildConfigurationList = 1323DC9829BDC02900FF9674 /* Build configuration list for PBXNativeTarget "swift_RiskAndMorty" */;
			buildPhases = (
				1323DC8029BDC02700FF9674 /* Sources */,
				1323DC8129BDC02700FF9674 /* Frameworks */,
				1323DC8229BDC02700FF9674 /* Resources */,
			);
			buildRules = (
			);
			dependencies = (
			);
			name = swift_RiskAndMorty;
			productName = swift_RiskAndMorty;
			productReference = 1323DC8429BDC02700FF9674 /* swift_RiskAndMorty.app */;
			productType = "com.apple.product-type.application";
		};
/* End PBXNativeTarget section */

/* Begin PBXProject section */
		1323DC7C29BDC02700FF9674 /* Project object */ = {
			isa = PBXProject;
			attributes = {
				BuildIndependentTargetsInParallel = 1;
				LastSwiftUpdateCheck = 1420;
				LastUpgradeCheck = 1420;
				TargetAttributes = {
					1323DC8329BDC02700FF9674 = {
						CreatedOnToolsVersion = 14.2;
					};
				};
			};
			buildConfigurationList = 1323DC7F29BDC02700FF9674 /* Build configuration list for PBXProject "swift_RiskAndMorty" */;
			compatibilityVersion = "Xcode 14.0";
			developmentRegion = en;
			hasScannedForEncodings = 0;
			knownRegions = (
				en,
				Base,
			);
			mainGroup = 1323DC7B29BDC02700FF9674;
			productRefGroup = 1323DC8529BDC02700FF9674 /* Products */;
			projectDirPath = "";
			projectRoot = "";
			targets = (
				1323DC8329BDC02700FF9674 /* swift_RiskAndMorty */,
			);
		};
/* End PBXProject section */

/* Begin PBXResourcesBuildPhase section */
		1323DC8229BDC02700FF9674 /* Resources */ = {
			isa = PBXResourcesBuildPhase;
			buildActionMask = 2147483647;
			files = (
				1323DC9429BDC02900FF9674 /* LaunchScreen.storyboard in Resources */,
				1323DC9129BDC02900FF9674 /* Assets.xcassets in Resources */,
			);
			runOnlyForDeploymentPostprocessing = 0;
		};
/* End PBXResourcesBuildPhase section */

/* Begin PBXSourcesBuildPhase section */
		1323DC8029BDC02700FF9674 /* Sources */ = {
			isa = PBXSourcesBuildPhase;
			buildActionMask = 2147483647;
			files = (
				1323DCAD29BDCBFD00FF9674 /* RMLocationViewController.swift in Sources */,
				1323DCA929BDCBC000FF9674 /* RMEpisode.swift in Sources */,
				1323DC8C29BDC02700FF9674 /* RMTabViewController.swift in Sources */,
				1323DCAF29BDCC0E00FF9674 /* RMEpisodeViewController.swift in Sources */,
				1323DC8829BDC02700FF9674 /* AppDelegate.swift in Sources */,
				1323DC8A29BDC02700FF9674 /* SceneDelegate.swift in Sources */,
				1323DCB129BDCC1F00FF9674 /* RMSettingsViewController.swift in Sources */,
				1323DCB329BDDB8500FF9674 /* RMService.swift in Sources */,
				1323DCA429BDCB9F00FF9674 /* RMLocation.swift in Sources */,
				1323DCB729BDDCC300FF9674 /* RMEndpoint.swift in Sources */,
				1323DCA729BDCBB100FF9674 /* RMCharacter.swift in Sources */,
				1323DCB529BDDBA500FF9674 /* RMRequest.swift in Sources */,
				1323DCAB29BDCBEC00FF9674 /* RMCharacterViewController.swift in Sources */,
			);
			runOnlyForDeploymentPostprocessing = 0;
		};
/* End PBXSourcesBuildPhase section */

/* Begin PBXVariantGroup section */
		1323DC9229BDC02900FF9674 /* LaunchScreen.storyboard */ = {
			isa = PBXVariantGroup;
			children = (
				1323DC9329BDC02900FF9674 /* Base */,
			);
			name = LaunchScreen.storyboard;
			sourceTree = "<group>";
		};
/* End PBXVariantGroup section */

/* Begin XCBuildConfiguration section */
		1323DC9629BDC02900FF9674 /* Debug */ = {
			isa = XCBuildConfiguration;
			buildSettings = {
				ALWAYS_SEARCH_USER_PATHS = NO;
				CLANG_ANALYZER_NONNULL = YES;
				CLANG_ANALYZER_NUMBER_OBJECT_CONVERSION = YES_AGGRESSIVE;
				CLANG_CXX_LANGUAGE_STANDARD = "gnu++20";
				CLANG_ENABLE_MODULES = YES;
				CLANG_ENABLE_OBJC_ARC = YES;
				CLANG_ENABLE_OBJC_WEAK = YES;
				CLANG_WARN_BLOCK_CAPTURE_AUTORELEASING = YES;
				CLANG_WARN_BOOL_CONVERSION = YES;
				CLANG_WARN_COMMA = YES;
				CLANG_WARN_CONSTANT_CONVERSION = YES;
				CLANG_WARN_DEPRECATED_OBJC_IMPLEMENTATIONS = YES;
				CLANG_WARN_DIRECT_OBJC_ISA_USAGE = YES_ERROR;
				CLANG_WARN_DOCUMENTATION_COMMENTS = YES;
				CLANG_WARN_EMPTY_BODY = YES;
				CLANG_WARN_ENUM_CONVERSION = YES;
				CLANG_WARN_INFINITE_RECURSION = YES;
				CLANG_WARN_INT_CONVERSION = YES;
				CLANG_WARN_NON_LITERAL_NULL_CONVERSION = YES;
				CLANG_WARN_OBJC_IMPLICIT_RETAIN_SELF = YES;
				CLANG_WARN_OBJC_LITERAL_CONVERSION = YES;
				CLANG_WARN_OBJC_ROOT_CLASS = YES_ERROR;
				CLANG_WARN_QUOTED_INCLUDE_IN_FRAMEWORK_HEADER = YES;
				CLANG_WARN_RANGE_LOOP_ANALYSIS = YES;
				CLANG_WARN_STRICT_PROTOTYPES = YES;
				CLANG_WARN_SUSPICIOUS_MOVE = YES;
				CLANG_WARN_UNGUARDED_AVAILABILITY = YES_AGGRESSIVE;
				CLANG_WARN_UNREACHABLE_CODE = YES;
				CLANG_WARN__DUPLICATE_METHOD_MATCH = YES;
				COPY_PHASE_STRIP = NO;
				DEBUG_INFORMATION_FORMAT = dwarf;
				ENABLE_STRICT_OBJC_MSGSEND = YES;
				ENABLE_TESTABILITY = YES;
				GCC_C_LANGUAGE_STANDARD = gnu11;
				GCC_DYNAMIC_NO_PIC = NO;
				GCC_NO_COMMON_BLOCKS = YES;
				GCC_OPTIMIZATION_LEVEL = 0;
				GCC_PREPROCESSOR_DEFINITIONS = (
					"DEBUG=1",
					"$(inherited)",
				);
				GCC_WARN_64_TO_32_BIT_CONVERSION = YES;
				GCC_WARN_ABOUT_RETURN_TYPE = YES_ERROR;
				GCC_WARN_UNDECLARED_SELECTOR = YES;
				GCC_WARN_UNINITIALIZED_AUTOS = YES_AGGRESSIVE;
				GCC_WARN_UNUSED_FUNCTION = YES;
				GCC_WARN_UNUSED_VARIABLE = YES;
				IPHONEOS_DEPLOYMENT_TARGET = 16.2;
				MTL_ENABLE_DEBUG_INFO = INCLUDE_SOURCE;
				MTL_FAST_MATH = YES;
				ONLY_ACTIVE_ARCH = YES;
				SDKROOT = iphoneos;
				SWIFT_ACTIVE_COMPILATION_CONDITIONS = DEBUG;
				SWIFT_OPTIMIZATION_LEVEL = "-Onone";
			};
			name = Debug;
		};
		1323DC9729BDC02900FF9674 /* Release */ = {
			isa = XCBuildConfiguration;
			buildSettings = {
				ALWAYS_SEARCH_USER_PATHS = NO;
				CLANG_ANALYZER_NONNULL = YES;
				CLANG_ANALYZER_NUMBER_OBJECT_CONVERSION = YES_AGGRESSIVE;
				CLANG_CXX_LANGUAGE_STANDARD = "gnu++20";
				CLANG_ENABLE_MODULES = YES;
				CLANG_ENABLE_OBJC_ARC = YES;
				CLANG_ENABLE_OBJC_WEAK = YES;
				CLANG_WARN_BLOCK_CAPTURE_AUTORELEASING = YES;
				CLANG_WARN_BOOL_CONVERSION = YES;
				CLANG_WARN_COMMA = YES;
				CLANG_WARN_CONSTANT_CONVERSION = YES;
				CLANG_WARN_DEPRECATED_OBJC_IMPLEMENTATIONS = YES;
				CLANG_WARN_DIRECT_OBJC_ISA_USAGE = YES_ERROR;
				CLANG_WARN_DOCUMENTATION_COMMENTS = YES;
				CLANG_WARN_EMPTY_BODY = YES;
				CLANG_WARN_ENUM_CONVERSION = YES;
				CLANG_WARN_INFINITE_RECURSION = YES;
				CLANG_WARN_INT_CONVERSION = YES;
				CLANG_WARN_NON_LITERAL_NULL_CONVERSION = YES;
				CLANG_WARN_OBJC_IMPLICIT_RETAIN_SELF = YES;
				CLANG_WARN_OBJC_LITERAL_CONVERSION = YES;
				CLANG_WARN_OBJC_ROOT_CLASS = YES_ERROR;
				CLANG_WARN_QUOTED_INCLUDE_IN_FRAMEWORK_HEADER = YES;
				CLANG_WARN_RANGE_LOOP_ANALYSIS = YES;
				CLANG_WARN_STRICT_PROTOTYPES = YES;
				CLANG_WARN_SUSPICIOUS_MOVE = YES;
				CLANG_WARN_UNGUARDED_AVAILABILITY = YES_AGGRESSIVE;
				CLANG_WARN_UNREACHABLE_CODE = YES;
				CLANG_WARN__DUPLICATE_METHOD_MATCH = YES;
				COPY_PHASE_STRIP = NO;
				DEBUG_INFORMATION_FORMAT = "dwarf-with-dsym";
				ENABLE_NS_ASSERTIONS = NO;
				ENABLE_STRICT_OBJC_MSGSEND = YES;
				GCC_C_LANGUAGE_STANDARD = gnu11;
				GCC_NO_COMMON_BLOCKS = YES;
				GCC_WARN_64_TO_32_BIT_CONVERSION = YES;
				GCC_WARN_ABOUT_RETURN_TYPE = YES_ERROR;
				GCC_WARN_UNDECLARED_SELECTOR = YES;
				GCC_WARN_UNINITIALIZED_AUTOS = YES_AGGRESSIVE;
				GCC_WARN_UNUSED_FUNCTION = YES;
				GCC_WARN_UNUSED_VARIABLE = YES;
				IPHONEOS_DEPLOYMENT_TARGET = 16.2;
				MTL_ENABLE_DEBUG_INFO = NO;
				MTL_FAST_MATH = YES;
				SDKROOT = iphoneos;
				SWIFT_COMPILATION_MODE = wholemodule;
				SWIFT_OPTIMIZATION_LEVEL = "-O";
				VALIDATE_PRODUCT = YES;
			};
			name = Release;
		};
		1323DC9929BDC02900FF9674 /* Debug */ = {
			isa = XCBuildConfiguration;
			buildSettings = {
				ASSETCATALOG_COMPILER_APPICON_NAME = AppIcon;
				ASSETCATALOG_COMPILER_GLOBAL_ACCENT_COLOR_NAME = AccentColor;
				CODE_SIGN_STYLE = Automatic;
				CURRENT_PROJECT_VERSION = 1;
				DEVELOPMENT_TEAM = G3KT8US93C;
				GENERATE_INFOPLIST_FILE = YES;
				INFOPLIST_FILE = swift_RiskAndMorty/Info.plist;
				INFOPLIST_KEY_UIApplicationSupportsIndirectInputEvents = YES;
				INFOPLIST_KEY_UILaunchStoryboardName = LaunchScreen;
				INFOPLIST_KEY_UISupportedInterfaceOrientations_iPad = "UIInterfaceOrientationPortrait UIInterfaceOrientationPortraitUpsideDown UIInterfaceOrientationLandscapeLeft UIInterfaceOrientationLandscapeRight";
				INFOPLIST_KEY_UISupportedInterfaceOrientations_iPhone = "UIInterfaceOrientationPortrait UIInterfaceOrientationLandscapeLeft UIInterfaceOrientationLandscapeRight";
				LD_RUNPATH_SEARCH_PATHS = (
					"$(inherited)",
					"@executable_path/Frameworks",
				);
				MARKETING_VERSION = 1.0;
				PRODUCT_BUNDLE_IDENTIFIER = "com.npst.swift-RiskAndMorty";
				PRODUCT_NAME = "$(TARGET_NAME)";
				SWIFT_EMIT_LOC_STRINGS = YES;
				SWIFT_VERSION = 5.0;
				TARGETED_DEVICE_FAMILY = "1,2";
			};
			name = Debug;
		};
		1323DC9A29BDC02900FF9674 /* Release */ = {
			isa = XCBuildConfiguration;
			buildSettings = {
				ASSETCATALOG_COMPILER_APPICON_NAME = AppIcon;
				ASSETCATALOG_COMPILER_GLOBAL_ACCENT_COLOR_NAME = AccentColor;
				CODE_SIGN_STYLE = Automatic;
				CURRENT_PROJECT_VERSION = 1;
				DEVELOPMENT_TEAM = G3KT8US93C;
				GENERATE_INFOPLIST_FILE = YES;
				INFOPLIST_FILE = swift_RiskAndMorty/Info.plist;
				INFOPLIST_KEY_UIApplicationSupportsIndirectInputEvents = YES;
				INFOPLIST_KEY_UILaunchStoryboardName = LaunchScreen;
				INFOPLIST_KEY_UISupportedInterfaceOrientations_iPad = "UIInterfaceOrientationPortrait UIInterfaceOrientationPortraitUpsideDown UIInterfaceOrientationLandscapeLeft UIInterfaceOrientationLandscapeRight";
				INFOPLIST_KEY_UISupportedInterfaceOrientations_iPhone = "UIInterfaceOrientationPortrait UIInterfaceOrientationLandscapeLeft UIInterfaceOrientationLandscapeRight";
				LD_RUNPATH_SEARCH_PATHS = (
					"$(inherited)",
					"@executable_path/Frameworks",
				);
				MARKETING_VERSION = 1.0;
				PRODUCT_BUNDLE_IDENTIFIER = "com.npst.swift-RiskAndMorty";
				PRODUCT_NAME = "$(TARGET_NAME)";
				SWIFT_EMIT_LOC_STRINGS = YES;
				SWIFT_VERSION = 5.0;
				TARGETED_DEVICE_FAMILY = "1,2";
			};
			name = Release;
		};
/* End XCBuildConfiguration section */

/* Begin XCConfigurationList section */
		1323DC7F29BDC02700FF9674 /* Build configuration list for PBXProject "swift_RiskAndMorty" */ = {
			isa = XCConfigurationList;
			buildConfigurations = (
				1323DC9629BDC02900FF9674 /* Debug */,
				1323DC9729BDC02900FF9674 /* Release */,
			);
			defaultConfigurationIsVisible = 0;
			defaultConfigurationName = Release;
		};
		1323DC9829BDC02900FF9674 /* Build configuration list for PBXNativeTarget "swift_RiskAndMorty" */ = {
			isa = XCConfigurationList;
			buildConfigurations = (
				1323DC9929BDC02900FF9674 /* Debug */,
				1323DC9A29BDC02900FF9674 /* Release */,
			);
			defaultConfigurationIsVisible = 0;
			defaultConfigurationName = Release;
		};
/* End XCConfigurationList section */
	};
	rootObject = 1323DC7C29BDC02700FF9674 /* Project object */;
}
